
Microsoft Visual Studio Solution File, Format Version 12.00
# Visual Studio 14
VisualStudioVersion = 14.0.25420.1
MinimumVisualStudioVersion = 10.0.40219.1
Project("{FAE04EC0-301F-11D3-BF4B-00C04F79EFBC}") = "TI_AED_LABAED_Forms", "TI_AED_LABAED_Forms\TI_AED_LABAED_Forms.csproj", "{A5462763-9259-40F0-BB01-455E0CAF89C1}"
EndProject
Project("{FAE04EC0-301F-11D3-BF4B-00C04F79EFBC}") = "StackLibrary", "TI_AED_LABAED_Forms\StackLibrary\StackLibrary.csproj", "{14B8BAF6-E27F-4929-B009-C955633DA436}"
EndProject
Global
	GlobalSection(SolutionConfigurationPlatforms) = preSolution
		Debug|Any CPU = Debug|Any CPU
		Release|Any CPU = Release|Any CPU
	EndGlobalSection
	GlobalSection(ProjectConfigurationPlatforms) = postSolution
		{A5462763-9259-40F0-BB01-455E0CAF89C1}.Debug|Any CPU.ActiveCfg = Debug|Any CPU
		{A5462763-9259-40F0-BB01-455E0CAF89C1}.Debug|Any CPU.Build.0 = Debug|Any CPU
		{A5462763-9259-40F0-BB01-455E0CAF89C1}.Release|Any CPU.ActiveCfg = Release|Any CPU
		{A5462763-9259-40F0-BB01-455E0CAF89C1}.Release|Any CPU.Build.0 = Release|Any CPU
		{14B8BAF6-E27F-4929-B009-C955633DA436}.Debug|Any CPU.ActiveCfg = Debug|Any CPU
		{14B8BAF6-E27F-4929-B009-C955633DA436}.Debug|Any CPU.Build.0 = Debug|Any CPU
		{14B8BAF6-E27F-4929-B009-C955633DA436}.Release|Any CPU.ActiveCfg = Release|Any CPU
		{14B8BAF6-E27F-4929-B009-C955633DA436}.Release|Any CPU.Build.0 = Release|Any CPU
	EndGlobalSection
	GlobalSection(SolutionProperties) = preSolution
		HideSolutionNode = FALSE
	EndGlobalSection
EndGlobal
